<Solution>
  <Folder Name="/build/">
    <File Path="build/ci.cs" />
  </Folder>
  <Folder Name="/src/">
    <Project Path="src/BuildingBlocks/TheProject.BuildingBlocks/TheProject.BuildingBlocks.csproj" />
  </Folder>
  <Folder Name="/tests/">
    <Project Path="tests/BuildingBlocks/TheProject.BuildingBlocks.Tests.Unit/TheProject.BuildingBlocks.Tests.Unit.csproj" />
  </Folder>
</Solution>
