<Solution>
  <Folder Name="/build/">
    <File Path="build/ci.cs" />
  </Folder>
  <Folder Name="/src/">
    <Project Path="src/BuildingBlocks/TheProject.BuildingBlocks/TheProject.BuildingBlocks.csproj" />
  </Folder>
  <Folder Name="/src/Services/" />
  <Folder Name="/src/Services/Products/">
    <Project Path="src/Services/Products/TheProject.Products.Api/TheProject.Products.Api.csproj" Id="a879882c-a5e0-45cf-8f52-1873a9abf777" />
  </Folder>
  <Folder Name="/tests/">
    <Project Path="tests/BuildingBlocks/TheProject.BuildingBlocks.Tests.Unit/TheProject.BuildingBlocks.Tests.Unit.csproj" />
  </Folder>
</Solution>
